// !$*UTF8*$!
{
	archiveVersion = 1;
	classes = {
	};
	objectVersion = 55;
	objects = {

/* Begin PBXBuildFile section */
		564A251A27AD048300BCF56D /* TipCalculatorState.swift in Sources */ = {isa = PBXBuildFile; fileRef = 564A251927AD048200BCF56D /* TipCalculatorState.swift */; };
		566B684527ACD61700E699FA /* SettingsViewController.swift in Sources */ = {isa = PBXBuildFile; fileRef = 566B684427ACD61700E699FA /* SettingsViewController.swift */; };
		56AA917F2792B14F0075ACB8 /* AppDelegate.swift in Sources */ = {isa = PBXBuildFile; fileRef = 56AA917E2792B14F0075ACB8 /* AppDelegate.swift */; };
		56AA91812792B14F0075ACB8 /* SceneDelegate.swift in Sources */ = {isa = PBXBuildFile; fileRef = 56AA91802792B14F0075ACB8 /* SceneDelegate.swift */; };
		56AA91832792B14F0075ACB8 /* ViewController.swift in Sources */ = {isa = PBXBuildFile; fileRef = 56AA91822792B14F0075ACB8 /* ViewController.swift */; };
		56AA91862792B14F0075ACB8 /* Main.storyboard in Resources */ = {isa = PBXBuildFile; fileRef = 56AA91842792B14F0075ACB8 /* Main.storyboard */; };
		56AA91882792B1520075ACB8 /* Assets.xcassets in Resources */ = {isa = PBXBuildFile; fileRef = 56AA91872792B1520075ACB8 /* Assets.xcassets */; };
		56AA918B2792B1520075ACB8 /* LaunchScreen.storyboard in Resources */ = {isa = PBXBuildFile; fileRef = 56AA91892792B1520075ACB8 /* LaunchScreen.storyboard */; };
		56AA91962792B1520075ACB8 /* IOS_Tip_CalculatorTests.swift in Sources */ = {isa = PBXBuildFile; fileRef = 56AA91952792B1520075ACB8 /* IOS_Tip_CalculatorTests.swift */; };
		56AA91A02792B1520075ACB8 /* IOS_Tip_CalculatorUITests.swift in Sources */ = {isa = PBXBuildFile; fileRef = 56AA919F2792B1520075ACB8 /* IOS_Tip_CalculatorUITests.swift */; };
		56AA91A22792B1520075ACB8 /* IOS_Tip_CalculatorUITestsLaunchTests.swift in Sources */ = {isa = PBXBuildFile; fileRef = 56AA91A12792B1520075ACB8 /* IOS_Tip_CalculatorUITestsLaunchTests.swift */; };
/* End PBXBuildFile section */

/* Begin PBXContainerItemProxy section */
		56AA91922792B1520075ACB8 /* PBXContainerItemProxy */ = {
			isa = PBXContainerItemProxy;
			containerPortal = 56AA91732792B14F0075ACB8 /* Project object */;
			proxyType = 1;
			remoteGlobalIDString = 56AA917A2792B14F0075ACB8;
			remoteInfo = "IOS Tip Calculator";
		};
		56AA919C2792B1520075ACB8 /* PBXContainerItemProxy */ = {
			isa = PBXContainerItemProxy;
			containerPortal = 56AA91732792B14F0075ACB8 /* Project object */;
			proxyType = 1;
			remoteGlobalIDString = 56AA917A2792B14F0075ACB8;
			remoteInfo = "IOS Tip Calculator";
		};
/* End PBXContainerItemProxy section */

/* Begin PBXFileReference section */
		564A251927AD048200BCF56D /* TipCalculatorState.swift */ = {isa = PBXFileReference; lastKnownFileType = sourcecode.swift; path = TipCalculatorState.swift; sourceTree = "<group>"; };
		566B684427ACD61700E699FA /* SettingsViewController.swift */ = {isa = PBXFileReference; lastKnownFileType = sourcecode.swift; path = SettingsViewController.swift; sourceTree = "<group>"; };
		56AA917B2792B14F0075ACB8 /* IOS Tip Calculator.app */ = {isa = PBXFileReference; explicitFileType = wrapper.application; includeInIndex = 0; path = "IOS Tip Calculator.app"; sourceTree = BUILT_PRODUCTS_DIR; };
		56AA917E2792B14F0075ACB8 /* AppDelegate.swift */ = {isa = PBXFileReference; lastKnownFileType = sourcecode.swift; path = AppDelegate.swift; sourceTree = "<group>"; };
		56AA91802792B14F0075ACB8 /* SceneDelegate.swift */ = {isa = PBXFileReference; lastKnownFileType = sourcecode.swift; path = SceneDelegate.swift; sourceTree = "<group>"; };
		56AA91822792B14F0075ACB8 /* ViewController.swift */ = {isa = PBXFileReference; lastKnownFileType = sourcecode.swift; path = ViewController.swift; sourceTree = "<group>"; };
		56AA91852792B14F0075ACB8 /* Base */ = {isa = PBXFileReference; lastKnownFileType = file.storyboard; name = Base; path = Base.lproj/Main.storyboard; sourceTree = "<group>"; };
		56AA91872792B1520075ACB8 /* Assets.xcassets */ = {isa = PBXFileReference; lastKnownFileType = folder.assetcatalog; path = Assets.xcassets; sourceTree = "<group>"; };
		56AA918A2792B1520075ACB8 /* Base */ = {isa = PBXFileReference; lastKnownFileType = file.storyboard; name = Base; path = Base.lproj/LaunchScreen.storyboard; sourceTree = "<group>"; };
		56AA918C2792B1520075ACB8 /* Info.plist */ = {isa = PBXFileReference; lastKnownFileType = text.plist.xml; path = Info.plist; sourceTree = "<group>"; };
		56AA91912792B1520075ACB8 /* IOS Tip CalculatorTests.xctest */ = {isa = PBXFileReference; explicitFileType = wrapper.cfbundle; includeInIndex = 0; path = "IOS Tip CalculatorTests.xctest"; sourceTree = BUILT_PRODUCTS_DIR; };
		56AA91952792B1520075ACB8 /* IOS_Tip_CalculatorTests.swift */ = {isa = PBXFileReference; lastKnownFileType = sourcecode.swift; path = IOS_Tip_CalculatorTests.swift; sourceTree = "<group>"; };
		56AA919B2792B1520075ACB8 /* IOS Tip CalculatorUITests.xctest */ = {isa = PBXFileReference; explicitFileType = wrapper.cfbundle; includeInIndex = 0; path = "IOS Tip CalculatorUITests.xctest"; sourceTree = BUILT_PRODUCTS_DIR; };
		56AA919F2792B1520075ACB8 /* IOS_Tip_CalculatorUITests.swift */ = {isa = PBXFileReference; lastKnownFileType = sourcecode.swift; path = IOS_Tip_CalculatorUITests.swift; sourceTree = "<group>"; };
		56AA91A12792B1520075ACB8 /* IOS_Tip_CalculatorUITestsLaunchTests.swift */ = {isa = PBXFileReference; lastKnownFileType = sourcecode.swift; path = IOS_Tip_CalculatorUITestsLaunchTests.swift; sourceTree = "<group>"; };
/* End PBXFileReference section */

/* Begin PBXFrameworksBuildPhase section */
		56AA91782792B14F0075ACB8 /* Frameworks */ = {
			isa = PBXFrameworksBuildPhase;
			buildActionMask = 2147483647;
			files = (
			);
			runOnlyForDeploymentPostprocessing = 0;
		};
		56AA918E2792B1520075ACB8 /* Frameworks */ = {
			isa = PBXFrameworksBuildPhase;
			buildActionMask = 2147483647;
			files = (
			);
			runOnlyForDeploymentPostprocessing = 0;
		};
		56AA91982792B1520075ACB8 /* Frameworks */ = {
			isa = PBXFrameworksBuildPhase;
			buildActionMask = 2147483647;
			files = (
			);
			runOnlyForDeploymentPostprocessing = 0;
		};
/* End PBXFrameworksBuildPhase section */

/* Begin PBXGroup section */
		56AA91722792B14F0075ACB8 = {
			isa = PBXGroup;
			children = (
				56AA917D2792B14F0075ACB8 /* IOS Tip Calculator */,
				56AA91942792B1520075ACB8 /* IOS Tip CalculatorTests */,
				56AA919E2792B1520075ACB8 /* IOS Tip CalculatorUITests */,
				56AA917C2792B14F0075ACB8 /* Products */,
			);
			sourceTree = "<group>";
		};
		56AA917C2792B14F0075ACB8 /* Products */ = {
			isa = PBXGroup;
			children = (
				56AA917B2792B14F0075ACB8 /* IOS Tip Calculator.app */,
				56AA91912792B1520075ACB8 /* IOS Tip CalculatorTests.xctest */,
				56AA919B2792B1520075ACB8 /* IOS Tip CalculatorUITests.xctest */,
			);
			name = Products;
			sourceTree = "<group>";
		};
		56AA917D2792B14F0075ACB8 /* IOS Tip Calculator */ = {
			isa = PBXGroup;
			children = (
				56AA917E2792B14F0075ACB8 /* AppDelegate.swift */,
				56AA91802792B14F0075ACB8 /* SceneDelegate.swift */,
				56AA91822792B14F0075ACB8 /* ViewController.swift */,
				56AA91842792B14F0075ACB8 /* Main.storyboard */,
				566B684427ACD61700E699FA /* SettingsViewController.swift */,
				56AA91872792B1520075ACB8 /* Assets.xcassets */,
				56AA91892792B1520075ACB8 /* LaunchScreen.storyboard */,
				56AA918C2792B1520075ACB8 /* Info.plist */,
				564A251927AD048200BCF56D /* TipCalculatorState.swift */,
			);
			path = "IOS Tip Calculator";
			sourceTree = "<group>";
		};
		56AA91942792B1520075ACB8 /* IOS Tip CalculatorTests */ = {
			isa = PBXGroup;
			children = (
				56AA91952792B1520075ACB8 /* IOS_Tip_CalculatorTests.swift */,
			);
			path = "IOS Tip CalculatorTests";
			sourceTree = "<group>";
		};
		56AA919E2792B1520075ACB8 /* IOS Tip CalculatorUITests */ = {
			isa = PBXGroup;
			children = (
				56AA919F2792B1520075ACB8 /* IOS_Tip_CalculatorUITests.swift */,
				56AA91A12792B1520075ACB8 /* IOS_Tip_CalculatorUITestsLaunchTests.swift */,
			);
			path = "IOS Tip CalculatorUITests";
			sourceTree = "<group>";
		};
/* End PBXGroup section */

/* Begin PBXNativeTarget section */
		56AA917A2792B14F0075ACB8 /* IOS Tip Calculator */ = {
			isa = PBXNativeTarget;
			buildConfigurationList = 56AA91A52792B1520075ACB8 /* Build configuration list for PBXNativeTarget "IOS Tip Calculator" */;
			buildPhases = (
				56AA91772792B14F0075ACB8 /* Sources */,
				56AA91782792B14F0075ACB8 /* Frameworks */,
				56AA91792792B14F0075ACB8 /* Resources */,
			);
			buildRules = (
			);
			dependencies = (
			);
			name = "IOS Tip Calculator";
			productName = "IOS Tip Calculator";
			productReference = 56AA917B2792B14F0075ACB8 /* IOS Tip Calculator.app */;
			productType = "com.apple.product-type.application";
		};
		56AA91902792B1520075ACB8 /* IOS Tip CalculatorTests */ = {
			isa = PBXNativeTarget;
			buildConfigurationList = 56AA91A82792B1520075ACB8 /* Build configuration list for PBXNativeTarget "IOS Tip CalculatorTests" */;
			buildPhases = (
				56AA918D2792B1520075ACB8 /* Sources */,
				56AA918E2792B1520075ACB8 /* Frameworks */,
				56AA918F2792B1520075ACB8 /* Resources */,
			);
			buildRules = (
			);
			dependencies = (
				56AA91932792B1520075ACB8 /* PBXTargetDependency */,
			);
			name = "IOS Tip CalculatorTests";
			productName = "IOS Tip CalculatorTests";
			productReference = 56AA91912792B1520075ACB8 /* IOS Tip CalculatorTests.xctest */;
			productType = "com.apple.product-type.bundle.unit-test";
		};
		56AA919A2792B1520075ACB8 /* IOS Tip CalculatorUITests */ = {
			isa = PBXNativeTarget;
			buildConfigurationList = 56AA91AB2792B1520075ACB8 /* Build configuration list for PBXNativeTarget "IOS Tip CalculatorUITests" */;
			buildPhases = (
				56AA91972792B1520075ACB8 /* Sources */,
				56AA91982792B1520075ACB8 /* Frameworks */,
				56AA91992792B1520075ACB8 /* Resources */,
			);
			buildRules = (
			);
			dependencies = (
				56AA919D2792B1520075ACB8 /* PBXTargetDependency */,
			);
			name = "IOS Tip CalculatorUITests";
			productName = "IOS Tip CalculatorUITests";
			productReference = 56AA919B2792B1520075ACB8 /* IOS Tip CalculatorUITests.xctest */;
			productType = "com.apple.product-type.bundle.ui-testing";
		};
/* End PBXNativeTarget section */

/* Begin PBXProject section */
		56AA91732792B14F0075ACB8 /* Project object */ = {
			isa = PBXProject;
			attributes = {
				BuildIndependentTargetsInParallel = 1;
				LastSwiftUpdateCheck = 1320;
				LastUpgradeCheck = 1320;
				TargetAttributes = {
					56AA917A2792B14F0075ACB8 = {
						CreatedOnToolsVersion = 13.2.1;
					};
					56AA91902792B1520075ACB8 = {
						CreatedOnToolsVersion = 13.2.1;
						TestTargetID = 56AA917A2792B14F0075ACB8;
					};
					56AA919A2792B1520075ACB8 = {
						CreatedOnToolsVersion = 13.2.1;
						TestTargetID = 56AA917A2792B14F0075ACB8;
					};
				};
			};
			buildConfigurationList = 56AA91762792B14F0075ACB8 /* Build configuration list for PBXProject "IOS Tip Calculator" */;
			compatibilityVersion = "Xcode 13.0";
			developmentRegion = en;
			hasScannedForEncodings = 0;
			knownRegions = (
				en,
				Base,
			);
			mainGroup = 56AA91722792B14F0075ACB8;
			productRefGroup = 56AA917C2792B14F0075ACB8 /* Products */;
			projectDirPath = "";
			projectRoot = "";
			targets = (
				56AA917A2792B14F0075ACB8 /* IOS Tip Calculator */,
				56AA91902792B1520075ACB8 /* IOS Tip CalculatorTests */,
				56AA919A2792B1520075ACB8 /* IOS Tip CalculatorUITests */,
			);
		};
/* End PBXProject section */

/* Begin PBXResourcesBuildPhase section */
		56AA91792792B14F0075ACB8 /* Resources */ = {
			isa = PBXResourcesBuildPhase;
			buildActionMask = 2147483647;
			files = (
				56AA918B2792B1520075ACB8 /* LaunchScreen.storyboard in Resources */,
				56AA91882792B1520075ACB8 /* Assets.xcassets in Resources */,
				56AA91862792B14F0075ACB8 /* Main.storyboard in Resources */,
			);
			runOnlyForDeploymentPostprocessing = 0;
		};
		56AA918F2792B1520075ACB8 /* Resources */ = {
			isa = PBXResourcesBuildPhase;
			buildActionMask = 2147483647;
			files = (
			);
			runOnlyForDeploymentPostprocessing = 0;
		};
		56AA91992792B1520075ACB8 /* Resources */ = {
			isa = PBXResourcesBuildPhase;
			buildActionMask = 2147483647;
			files = (
			);
			runOnlyForDeploymentPostprocessing = 0;
		};
/* End PBXResourcesBuildPhase section */

/* Begin PBXSourcesBuildPhase section */
		56AA91772792B14F0075ACB8 /* Sources */ = {
			isa = PBXSourcesBuildPhase;
			buildActionMask = 2147483647;
			files = (
				566B684527ACD61700E699FA /* SettingsViewController.swift in Sources */,
				564A251A27AD048300BCF56D /* TipCalculatorState.swift in Sources */,
				56AA91832792B14F0075ACB8 /* ViewController.swift in Sources */,
				56AA917F2792B14F0075ACB8 /* AppDelegate.swift in Sources */,
				56AA91812792B14F0075ACB8 /* SceneDelegate.swift in Sources */,
			);
			runOnlyForDeploymentPostprocessing = 0;
		};
		56AA918D2792B1520075ACB8 /* Sources */ = {
			isa = PBXSourcesBuildPhase;
			buildActionMask = 2147483647;
			files = (
				56AA91962792B1520075ACB8 /* IOS_Tip_CalculatorTests.swift in Sources */,
			);
			runOnlyForDeploymentPostprocessing = 0;
		};
		56AA91972792B1520075ACB8 /* Sources */ = {
			isa = PBXSourcesBuildPhase;
			buildActionMask = 2147483647;
			files = (
				56AA91A22792B1520075ACB8 /* IOS_Tip_CalculatorUITestsLaunchTests.swift in Sources */,
				56AA91A02792B1520075ACB8 /* IOS_Tip_CalculatorUITests.swift in Sources */,
			);
			runOnlyForDeploymentPostprocessing = 0;
		};
/* End PBXSourcesBuildPhase section */

/* Begin PBXTargetDependency section */
		56AA91932792B1520075ACB8 /* PBXTargetDependency */ = {
			isa = PBXTargetDependency;
			target = 56AA917A2792B14F0075ACB8 /* IOS Tip Calculator */;
			targetProxy = 56AA91922792B1520075ACB8 /* PBXContainerItemProxy */;
		};
		56AA919D2792B1520075ACB8 /* PBXTargetDependency */ = {
			isa = PBXTargetDependency;
			target = 56AA917A2792B14F0075ACB8 /* IOS Tip Calculator */;
			targetProxy = 56AA919C2792B1520075ACB8 /* PBXContainerItemProxy */;
		};
/* End PBXTargetDependency section */

/* Begin PBXVariantGroup section */
		56AA91842792B14F0075ACB8 /* Main.storyboard */ = {
			isa = PBXVariantGroup;
			children = (
				56AA91852792B14F0075ACB8 /* Base */,
			);
			name = Main.storyboard;
			sourceTree = "<group>";
		};
		56AA91892792B1520075ACB8 /* LaunchScreen.storyboard */ = {
			isa = PBXVariantGroup;
			children = (
				56AA918A2792B1520075ACB8 /* Base */,
			);
			name = LaunchScreen.storyboard;
			sourceTree = "<group>";
		};
/* End PBXVariantGroup section */

/* Begin XCBuildConfiguration section */
		56AA91A32792B1520075ACB8 /* Debug */ = {
			isa = XCBuildConfiguration;
			buildSettings = {
				ALWAYS_SEARCH_USER_PATHS = NO;
				CLANG_ANALYZER_NONNULL = YES;
				CLANG_ANALYZER_NUMBER_OBJECT_CONVERSION = YES_AGGRESSIVE;
				CLANG_CXX_LANGUAGE_STANDARD = "gnu++17";
				CLANG_CXX_LIBRARY = "libc++";
				CLANG_ENABLE_MODULES = YES;
				CLANG_ENABLE_OBJC_ARC = YES;
				CLANG_ENABLE_OBJC_WEAK = YES;
				CLANG_WARN_BLOCK_CAPTURE_AUTORELEASING = YES;
				CLANG_WARN_BOOL_CONVERSION = YES;
				CLANG_WARN_COMMA = YES;
				CLANG_WARN_CONSTANT_CONVERSION = YES;
				CLANG_WARN_DEPRECATED_OBJC_IMPLEMENTATIONS = YES;
				CLANG_WARN_DIRECT_OBJC_ISA_USAGE = YES_ERROR;
				CLANG_WARN_DOCUMENTATION_COMMENTS = YES;
				CLANG_WARN_EMPTY_BODY = YES;
				CLANG_WARN_ENUM_CONVERSION = YES;
				CLANG_WARN_INFINITE_RECURSION = YES;
				CLANG_WARN_INT_CONVERSION = YES;
				CLANG_WARN_NON_LITERAL_NULL_CONVERSION = YES;
				CLANG_WARN_OBJC_IMPLICIT_RETAIN_SELF = YES;
				CLANG_WARN_OBJC_LITERAL_CONVERSION = YES;
				CLANG_WARN_OBJC_ROOT_CLASS = YES_ERROR;
				CLANG_WARN_QUOTED_INCLUDE_IN_FRAMEWORK_HEADER = YES;
				CLANG_WARN_RANGE_LOOP_ANALYSIS = YES;
				CLANG_WARN_STRICT_PROTOTYPES = YES;
				CLANG_WARN_SUSPICIOUS_MOVE = YES;
				CLANG_WARN_UNGUARDED_AVAILABILITY = YES_AGGRESSIVE;
				CLANG_WARN_UNREACHABLE_CODE = YES;
				CLANG_WARN__DUPLICATE_METHOD_MATCH = YES;
				COPY_PHASE_STRIP = NO;
				DEBUG_INFORMATION_FORMAT = dwarf;
				ENABLE_STRICT_OBJC_MSGSEND = YES;
				ENABLE_TESTABILITY = YES;
				GCC_C_LANGUAGE_STANDARD = gnu11;
				GCC_DYNAMIC_NO_PIC = NO;
				GCC_NO_COMMON_BLOCKS = YES;
				GCC_OPTIMIZATION_LEVEL = 0;
				GCC_PREPROCESSOR_DEFINITIONS = (
					"DEBUG=1",
					"$(inherited)",
				);
				GCC_WARN_64_TO_32_BIT_CONVERSION = YES;
				GCC_WARN_ABOUT_RETURN_TYPE = YES_ERROR;
				GCC_WARN_UNDECLARED_SELECTOR = YES;
				GCC_WARN_UNINITIALIZED_AUTOS = YES_AGGRESSIVE;
				GCC_WARN_UNUSED_FUNCTION = YES;
				GCC_WARN_UNUSED_VARIABLE = YES;
				IPHONEOS_DEPLOYMENT_TARGET = 15.2;
				MTL_ENABLE_DEBUG_INFO = INCLUDE_SOURCE;
				MTL_FAST_MATH = YES;
				ONLY_ACTIVE_ARCH = YES;
				SDKROOT = iphoneos;
				SWIFT_ACTIVE_COMPILATION_CONDITIONS = DEBUG;
				SWIFT_OPTIMIZATION_LEVEL = "-Onone";
			};
			name = Debug;
		};
		56AA91A42792B1520075ACB8 /* Release */ = {
			isa = XCBuildConfiguration;
			buildSettings = {
				ALWAYS_SEARCH_USER_PATHS = NO;
				CLANG_ANALYZER_NONNULL = YES;
				CLANG_ANALYZER_NUMBER_OBJECT_CONVERSION = YES_AGGRESSIVE;
				CLANG_CXX_LANGUAGE_STANDARD = "gnu++17";
				CLANG_CXX_LIBRARY = "libc++";
				CLANG_ENABLE_MODULES = YES;
				CLANG_ENABLE_OBJC_ARC = YES;
				CLANG_ENABLE_OBJC_WEAK = YES;
				CLANG_WARN_BLOCK_CAPTURE_AUTORELEASING = YES;
				CLANG_WARN_BOOL_CONVERSION = YES;
				CLANG_WARN_COMMA = YES;
				CLANG_WARN_CONSTANT_CONVERSION = YES;
				CLANG_WARN_DEPRECATED_OBJC_IMPLEMENTATIONS = YES;
				CLANG_WARN_DIRECT_OBJC_ISA_USAGE = YES_ERROR;
				CLANG_WARN_DOCUMENTATION_COMMENTS = YES;
				CLANG_WARN_EMPTY_BODY = YES;
				CLANG_WARN_ENUM_CONVERSION = YES;
				CLANG_WARN_INFINITE_RECURSION = YES;
				CLANG_WARN_INT_CONVERSION = YES;
				CLANG_WARN_NON_LITERAL_NULL_CONVERSION = YES;
				CLANG_WARN_OBJC_IMPLICIT_RETAIN_SELF = YES;
				CLANG_WARN_OBJC_LITERAL_CONVERSION = YES;
				CLANG_WARN_OBJC_ROOT_CLASS = YES_ERROR;
				CLANG_WARN_QUOTED_INCLUDE_IN_FRAMEWORK_HEADER = YES;
				CLANG_WARN_RANGE_LOOP_ANALYSIS = YES;
				CLANG_WARN_STRICT_PROTOTYPES = YES;
				CLANG_WARN_SUSPICIOUS_MOVE = YES;
				CLANG_WARN_UNGUARDED_AVAILABILITY = YES_AGGRESSIVE;
				CLANG_WARN_UNREACHABLE_CODE = YES;
				CLANG_WARN__DUPLICATE_METHOD_MATCH = YES;
				COPY_PHASE_STRIP = NO;
				DEBUG_INFORMATION_FORMAT = "dwarf-with-dsym";
				ENABLE_NS_ASSERTIONS = NO;
				ENABLE_STRICT_OBJC_MSGSEND = YES;
				GCC_C_LANGUAGE_STANDARD = gnu11;
				GCC_NO_COMMON_BLOCKS = YES;
				GCC_WARN_64_TO_32_BIT_CONVERSION = YES;
				GCC_WARN_ABOUT_RETURN_TYPE = YES_ERROR;
				GCC_WARN_UNDECLARED_SELECTOR = YES;
				GCC_WARN_UNINITIALIZED_AUTOS = YES_AGGRESSIVE;
				GCC_WARN_UNUSED_FUNCTION = YES;
				GCC_WARN_UNUSED_VARIABLE = YES;
				IPHONEOS_DEPLOYMENT_TARGET = 15.2;
				MTL_ENABLE_DEBUG_INFO = NO;
				MTL_FAST_MATH = YES;
				SDKROOT = iphoneos;
				SWIFT_COMPILATION_MODE = wholemodule;
				SWIFT_OPTIMIZATION_LEVEL = "-O";
				VALIDATE_PRODUCT = YES;
			};
			name = Release;
		};
		56AA91A62792B1520075ACB8 /* Debug */ = {
			isa = XCBuildConfiguration;
			buildSettings = {
				ASSETCATALOG_COMPILER_APPICON_NAME = AppIcon;
				ASSETCATALOG_COMPILER_GLOBAL_ACCENT_COLOR_NAME = AccentColor;
				CODE_SIGN_STYLE = Automatic;
				CURRENT_PROJECT_VERSION = 1;
				DEVELOPMENT_TEAM = 7QR8ZP2WRB;
				GENERATE_INFOPLIST_FILE = YES;
				INFOPLIST_FILE = "IOS Tip Calculator/Info.plist";
				INFOPLIST_KEY_UIApplicationSupportsIndirectInputEvents = YES;
				INFOPLIST_KEY_UILaunchStoryboardName = LaunchScreen;
				INFOPLIST_KEY_UIMainStoryboardFile = Main;
				INFOPLIST_KEY_UISupportedInterfaceOrientations_iPad = "UIInterfaceOrientationPortrait UIInterfaceOrientationPortraitUpsideDown UIInterfaceOrientationLandscapeLeft UIInterfaceOrientationLandscapeRight";
				INFOPLIST_KEY_UISupportedInterfaceOrientations_iPhone = "UIInterfaceOrientationPortrait UIInterfaceOrientationLandscapeLeft UIInterfaceOrientationLandscapeRight";
				LD_RUNPATH_SEARCH_PATHS = (
					"$(inherited)",
					"@executable_path/Frameworks",
				);
				MARKETING_VERSION = 1.0;
				PRODUCT_BUNDLE_IDENTIFIER = "charles.kypros.IOS-Tip-Calculator";
				PRODUCT_NAME = "$(TARGET_NAME)";
				SWIFT_EMIT_LOC_STRINGS = YES;
				SWIFT_VERSION = 5.0;
				TARGETED_DEVICE_FAMILY = "1,2";
			};
			name = Debug;
		};
		56AA91A72792B1520075ACB8 /* Release */ = {
			isa = XCBuildConfiguration;
			buildSettings = {
				ASSETCATALOG_COMPILER_APPICON_NAME = AppIcon;
				ASSETCATALOG_COMPILER_GLOBAL_ACCENT_COLOR_NAME = AccentColor;
				CODE_SIGN_STYLE = Automatic;
				CURRENT_PROJECT_VERSION = 1;
				DEVELOPMENT_TEAM = 7QR8ZP2WRB;
				GENERATE_INFOPLIST_FILE = YES;
				INFOPLIST_FILE = "IOS Tip Calculator/Info.plist";
				INFOPLIST_KEY_UIApplicationSupportsIndirectInputEvents = YES;
				INFOPLIST_KEY_UILaunchStoryboardName = LaunchScreen;
				INFOPLIST_KEY_UIMainStoryboardFile = Main;
				INFOPLIST_KEY_UISupportedInterfaceOrientations_iPad = "UIInterfaceOrientationPortrait UIInterfaceOrientationPortraitUpsideDown UIInterfaceOrientationLandscapeLeft UIInterfaceOrientationLandscapeRight";
				INFOPLIST_KEY_UISupportedInterfaceOrientations_iPhone = "UIInterfaceOrientationPortrait UIInterfaceOrientationLandscapeLeft UIInterfaceOrientationLandscapeRight";
				LD_RUNPATH_SEARCH_PATHS = (
					"$(inherited)",
					"@executable_path/Frameworks",
				);
				MARKETING_VERSION = 1.0;
				PRODUCT_BUNDLE_IDENTIFIER = "charles.kypros.IOS-Tip-Calculator";
				PRODUCT_NAME = "$(TARGET_NAME)";
				SWIFT_EMIT_LOC_STRINGS = YES;
				SWIFT_VERSION = 5.0;
				TARGETED_DEVICE_FAMILY = "1,2";
			};
			name = Release;
		};
		56AA91A92792B1520075ACB8 /* Debug */ = {
			isa = XCBuildConfiguration;
			buildSettings = {
				ALWAYS_EMBED_SWIFT_STANDARD_LIBRARIES = YES;
				BUNDLE_LOADER = "$(TEST_HOST)";
				CODE_SIGN_STYLE = Automatic;
				CURRENT_PROJECT_VERSION = 1;
				DEVELOPMENT_TEAM = 7QR8ZP2WRB;
				GENERATE_INFOPLIST_FILE = YES;
				IPHONEOS_DEPLOYMENT_TARGET = 15.2;
				MARKETING_VERSION = 1.0;
				PRODUCT_BUNDLE_IDENTIFIER = "charles.kypros.IOS-Tip-CalculatorTests";
				PRODUCT_NAME = "$(TARGET_NAME)";
				SWIFT_EMIT_LOC_STRINGS = NO;
				SWIFT_VERSION = 5.0;
				TARGETED_DEVICE_FAMILY = "1,2";
				TEST_HOST = "$(BUILT_PRODUCTS_DIR)/IOS Tip Calculator.app/IOS Tip Calculator";
			};
			name = Debug;
		};
		56AA91AA2792B1520075ACB8 /* Release */ = {
			isa = XCBuildConfiguration;
			buildSettings = {
				ALWAYS_EMBED_SWIFT_STANDARD_LIBRARIES = YES;
				BUNDLE_LOADER = "$(TEST_HOST)";
				CODE_SIGN_STYLE = Automatic;
				CURRENT_PROJECT_VERSION = 1;
				DEVELOPMENT_TEAM = 7QR8ZP2WRB;
				GENERATE_INFOPLIST_FILE = YES;
				IPHONEOS_DEPLOYMENT_TARGET = 15.2;
				MARKETING_VERSION = 1.0;
				PRODUCT_BUNDLE_IDENTIFIER = "charles.kypros.IOS-Tip-CalculatorTests";
				PRODUCT_NAME = "$(TARGET_NAME)";
				SWIFT_EMIT_LOC_STRINGS = NO;
				SWIFT_VERSION = 5.0;
				TARGETED_DEVICE_FAMILY = "1,2";
				TEST_HOST = "$(BUILT_PRODUCTS_DIR)/IOS Tip Calculator.app/IOS Tip Calculator";
			};
			name = Release;
		};
		56AA91AC2792B1520075ACB8 /* Debug */ = {
			isa = XCBuildConfiguration;
			buildSettings = {
				ALWAYS_EMBED_SWIFT_STANDARD_LIBRARIES = YES;
				CODE_SIGN_STYLE = Automatic;
				CURRENT_PROJECT_VERSION = 1;
				DEVELOPMENT_TEAM = 7QR8ZP2WRB;
				GENERATE_INFOPLIST_FILE = YES;
				MARKETING_VERSION = 1.0;
				PRODUCT_BUNDLE_IDENTIFIER = "charles.kypros.IOS-Tip-CalculatorUITests";
				PRODUCT_NAME = "$(TARGET_NAME)";
				SWIFT_EMIT_LOC_STRINGS = NO;
				SWIFT_VERSION = 5.0;
				TARGETED_DEVICE_FAMILY = "1,2";
				TEST_TARGET_NAME = "IOS Tip Calculator";
			};
			name = Debug;
		};
		56AA91AD2792B1520075ACB8 /* Release */ = {
			isa = XCBuildConfiguration;
			buildSettings = {
				ALWAYS_EMBED_SWIFT_STANDARD_LIBRARIES = YES;
				CODE_SIGN_STYLE = Automatic;
				CURRENT_PROJECT_VERSION = 1;
				DEVELOPMENT_TEAM = 7QR8ZP2WRB;
				GENERATE_INFOPLIST_FILE = YES;
				MARKETING_VERSION = 1.0;
				PRODUCT_BUNDLE_IDENTIFIER = "charles.kypros.IOS-Tip-CalculatorUITests";
				PRODUCT_NAME = "$(TARGET_NAME)";
				SWIFT_EMIT_LOC_STRINGS = NO;
				SWIFT_VERSION = 5.0;
				TARGETED_DEVICE_FAMILY = "1,2";
				TEST_TARGET_NAME = "IOS Tip Calculator";
			};
			name = Release;
		};
/* End XCBuildConfiguration section */

/* Begin XCConfigurationList section */
		56AA91762792B14F0075ACB8 /* Build configuration list for PBXProject "IOS Tip Calculator" */ = {
			isa = XCConfigurationList;
			buildConfigurations = (
				56AA91A32792B1520075ACB8 /* Debug */,
				56AA91A42792B1520075ACB8 /* Release */,
			);
			defaultConfigurationIsVisible = 0;
			defaultConfigurationName = Release;
		};
		56AA91A52792B1520075ACB8 /* Build configuration list for PBXNativeTarget "IOS Tip Calculator" */ = {
			isa = XCConfigurationList;
			buildConfigurations = (
				56AA91A62792B1520075ACB8 /* Debug */,
				56AA91A72792B1520075ACB8 /* Release */,
			);
			defaultConfigurationIsVisible = 0;
			defaultConfigurationName = Release;
		};
		56AA91A82792B1520075ACB8 /* Build configuration list for PBXNativeTarget "IOS Tip CalculatorTests" */ = {
			isa = XCConfigurationList;
			buildConfigurations = (
				56AA91A92792B1520075ACB8 /* Debug */,
				56AA91AA2792B1520075ACB8 /* Release */,
			);
			defaultConfigurationIsVisible = 0;
			defaultConfigurationName = Release;
		};
		56AA91AB2792B1520075ACB8 /* Build configuration list for PBXNativeTarget "IOS Tip CalculatorUITests" */ = {
			isa = XCConfigurationList;
			buildConfigurations = (
				56AA91AC2792B1520075ACB8 /* Debug */,
				56AA91AD2792B1520075ACB8 /* Release */,
			);
			defaultConfigurationIsVisible = 0;
			defaultConfigurationName = Release;
		};
/* End XCConfigurationList section */
	};
	rootObject = 56AA91732792B14F0075ACB8 /* Project object */;
}
